
Microsoft Visual Studio Solution File, Format Version 12.00
# Visual Studio Version 17
VisualStudioVersion = 17.5.002.0
MinimumVisualStudioVersion = 10.0.40219.1
Project("{9A19103F-16F7-4668-BE54-9A1E7A4F7556}") = "HelloWorldApp", "HelloWorldApp.csproj", "{5C44EDB6-20A1-46FF-9289-89B223059C87}"
EndProject
Project("{9A19103F-16F7-4668-BE54-9A1E7A4F7556}") = "HelloWorldApp.ApiService", "HelloWorldApp.ApiService\HelloWorldApp.ApiService.csproj", "{02C9CBFA-729F-4A4E-8D1C-F25EF6E99BCF}"
EndProject
Project("{9A19103F-16F7-4668-BE54-9A1E7A4F7556}") = "HelloWorldApp.AppHost", "HelloWorldApp.AppHost\HelloWorldApp.AppHost.csproj", "{885BEAEA-BF39-45E7-BC91-1A7387806443}"
EndProject
Project("{9A19103F-16F7-4668-BE54-9A1E7A4F7556}") = "HelloWorldApp.ServiceDefaults", "HelloWorldApp.ServiceDefaults\HelloWorldApp.ServiceDefaults.csproj", "{DBA77436-244C-4E87-A228-FB6412074847}"
EndProject
Project("{9A19103F-16F7-4668-BE54-9A1E7A4F7556}") = "HelloWorldApp.Web", "HelloWorldApp.Web\HelloWorldApp.Web.csproj", "{FB701EE6-9180-4E0B-8EC8-36846CEABF65}"
EndProject
Global
	GlobalSection(SolutionConfigurationPlatforms) = preSolution
		Debug|Any CPU = Debug|Any CPU
		Release|Any CPU = Release|Any CPU
	EndGlobalSection
	GlobalSection(ProjectConfigurationPlatforms) = postSolution
		{5C44EDB6-20A1-46FF-9289-89B223059C87}.Debug|Any CPU.ActiveCfg = Debug|Any CPU
		{5C44EDB6-20A1-46FF-9289-89B223059C87}.Debug|Any CPU.Build.0 = Debug|Any CPU
		{5C44EDB6-20A1-46FF-9289-89B223059C87}.Release|Any CPU.ActiveCfg = Release|Any CPU
		{5C44EDB6-20A1-46FF-9289-89B223059C87}.Release|Any CPU.Build.0 = Release|Any CPU
		{02C9CBFA-729F-4A4E-8D1C-F25EF6E99BCF}.Debug|Any CPU.ActiveCfg = Debug|Any CPU
		{02C9CBFA-729F-4A4E-8D1C-F25EF6E99BCF}.Debug|Any CPU.Build.0 = Debug|Any CPU
		{02C9CBFA-729F-4A4E-8D1C-F25EF6E99BCF}.Release|Any CPU.ActiveCfg = Release|Any CPU
		{02C9CBFA-729F-4A4E-8D1C-F25EF6E99BCF}.Release|Any CPU.Build.0 = Release|Any CPU
		{885BEAEA-BF39-45E7-BC91-1A7387806443}.Debug|Any CPU.ActiveCfg = Debug|Any CPU
		{885BEAEA-BF39-45E7-BC91-1A7387806443}.Debug|Any CPU.Build.0 = Debug|Any CPU
		{885BEAEA-BF39-45E7-BC91-1A7387806443}.Release|Any CPU.ActiveCfg = Release|Any CPU
		{885BEAEA-BF39-45E7-BC91-1A7387806443}.Release|Any CPU.Build.0 = Release|Any CPU
		{DBA77436-244C-4E87-A228-FB6412074847}.Debug|Any CPU.ActiveCfg = Debug|Any CPU
		{DBA77436-244C-4E87-A228-FB6412074847}.Debug|Any CPU.Build.0 = Debug|Any CPU
		{DBA77436-244C-4E87-A228-FB6412074847}.Release|Any CPU.ActiveCfg = Release|Any CPU
		{DBA77436-244C-4E87-A228-FB6412074847}.Release|Any CPU.Build.0 = Release|Any CPU
		{FB701EE6-9180-4E0B-8EC8-36846CEABF65}.Debug|Any CPU.ActiveCfg = Debug|Any CPU
		{FB701EE6-9180-4E0B-8EC8-36846CEABF65}.Debug|Any CPU.Build.0 = Debug|Any CPU
		{FB701EE6-9180-4E0B-8EC8-36846CEABF65}.Release|Any CPU.ActiveCfg = Release|Any CPU
		{FB701EE6-9180-4E0B-8EC8-36846CEABF65}.Release|Any CPU.Build.0 = Release|Any CPU
	EndGlobalSection
	GlobalSection(SolutionProperties) = preSolution
		HideSolutionNode = FALSE
	EndGlobalSection
	GlobalSection(ExtensibilityGlobals) = postSolution
		SolutionGuid = {43B40B63-D5DE-4445-BDDD-AA2CAE48D2CF}
	EndGlobalSection
EndGlobal
